
Microsoft Visual Studio Solution File, Format Version 12.00
# Visual Studio Version 17
VisualStudioVersion = 17.14.36429.23 d17.14
MinimumVisualStudioVersion = 10.0.40219.1
Project("{FAE04EC0-301F-11D3-BF4B-00C04F79EFBC}") = "ResearchPublicationTracker", "ResearchPublicationTracker.csproj", "{8C25C738-5323-C6CF-9708-A2A3329D0C15}"
EndProject
Global
	GlobalSection(SolutionConfigurationPlatforms) = preSolution
		Debug|Any CPU = Debug|Any CPU
		Release|Any CPU = Release|Any CPU
	EndGlobalSection
	GlobalSection(ProjectConfigurationPlatforms) = postSolution
		{8C25C738-5323-C6CF-9708-A2A3329D0C15}.Debug|Any CPU.ActiveCfg = Debug|Any CPU
		{8C25C738-5323-C6CF-9708-A2A3329D0C15}.Debug|Any CPU.Build.0 = Debug|Any CPU
		{8C25C738-5323-C6CF-9708-A2A3329D0C15}.Release|Any CPU.ActiveCfg = Release|Any CPU
		{8C25C738-5323-C6CF-9708-A2A3329D0C15}.Release|Any CPU.Build.0 = Release|Any CPU
	EndGlobalSection
	GlobalSection(SolutionProperties) = preSolution
		HideSolutionNode = FALSE
	EndGlobalSection
	GlobalSection(ExtensibilityGlobals) = postSolution
		SolutionGuid = {88131FFC-53E2-4361-A216-13CED0DA64AD}
	EndGlobalSection
EndGlobal
